
Microsoft Visual Studio Solution File, Format Version 12.00
# Visual Studio 15
VisualStudioVersion = 15.0.28307.960
MinimumVisualStudioVersion = 10.0.40219.1
Project("{FAE04EC0-301F-11D3-BF4B-00C04F79EFBC}") = "StrategyBacktesterAddin", "StrategyBacktesterAddin\StrategyBacktesterAddin.csproj", "{E76FC56A-3337-439D-9E6A-216DD186EE9E}"
EndProject
Global
	GlobalSection(SolutionConfigurationPlatforms) = preSolution
		Debug|Any CPU = Debug|Any CPU
		Release|Any CPU = Release|Any CPU
	EndGlobalSection
	GlobalSection(ProjectConfigurationPlatforms) = postSolution
		{E76FC56A-3337-439D-9E6A-216DD186EE9E}.Debug|Any CPU.ActiveCfg = Debug|Any CPU
		{E76FC56A-3337-439D-9E6A-216DD186EE9E}.Debug|Any CPU.Build.0 = Debug|Any CPU
		{E76FC56A-3337-439D-9E6A-216DD186EE9E}.Release|Any CPU.ActiveCfg = Release|Any CPU
		{E76FC56A-3337-439D-9E6A-216DD186EE9E}.Release|Any CPU.Build.0 = Release|Any CPU
	EndGlobalSection
	GlobalSection(SolutionProperties) = preSolution
		HideSolutionNode = FALSE
	EndGlobalSection
	GlobalSection(ExtensibilityGlobals) = postSolution
		SolutionGuid = {461C2A83-F35E-4C09-87CF-C08AB2359A3C}
	EndGlobalSection
EndGlobal
